
Microsoft Visual Studio Solution File, Format Version 12.00
Project("{FAE04EC0-301F-11D3-BF4B-00C04F79EFBC}") = "MultiThreading", "MultiThreading\MultiThreading.csproj", "{5ADB4688-CBF1-4A9B-8C79-83A685749A86}"
EndProject
Project("{FAE04EC0-301F-11D3-BF4B-00C04F79EFBC}") = "test", "test\test.csproj", "{98A71A62-4AFF-4CCB-B90F-9BAA47CA3DB0}"
EndProject
Project("{FAE04EC0-301F-11D3-BF4B-00C04F79EFBC}") = "MatrixTests", "MatrixTests\MatrixTests.csproj", "{60268091-EB79-440C-9201-232853F60242}"
EndProject
Global
	GlobalSection(SolutionConfigurationPlatforms) = preSolution
		Debug|Any CPU = Debug|Any CPU
		Release|Any CPU = Release|Any CPU
	EndGlobalSection
	GlobalSection(ProjectConfigurationPlatforms) = postSolution
		{5ADB4688-CBF1-4A9B-8C79-83A685749A86}.Debug|Any CPU.ActiveCfg = Debug|Any CPU
		{5ADB4688-CBF1-4A9B-8C79-83A685749A86}.Debug|Any CPU.Build.0 = Debug|Any CPU
		{5ADB4688-CBF1-4A9B-8C79-83A685749A86}.Release|Any CPU.ActiveCfg = Release|Any CPU
		{5ADB4688-CBF1-4A9B-8C79-83A685749A86}.Release|Any CPU.Build.0 = Release|Any CPU
		{98A71A62-4AFF-4CCB-B90F-9BAA47CA3DB0}.Debug|Any CPU.ActiveCfg = Debug|Any CPU
		{98A71A62-4AFF-4CCB-B90F-9BAA47CA3DB0}.Debug|Any CPU.Build.0 = Debug|Any CPU
		{98A71A62-4AFF-4CCB-B90F-9BAA47CA3DB0}.Release|Any CPU.ActiveCfg = Release|Any CPU
		{98A71A62-4AFF-4CCB-B90F-9BAA47CA3DB0}.Release|Any CPU.Build.0 = Release|Any CPU
		{60268091-EB79-440C-9201-232853F60242}.Debug|Any CPU.ActiveCfg = Debug|Any CPU
		{60268091-EB79-440C-9201-232853F60242}.Debug|Any CPU.Build.0 = Debug|Any CPU
		{60268091-EB79-440C-9201-232853F60242}.Release|Any CPU.ActiveCfg = Release|Any CPU
		{60268091-EB79-440C-9201-232853F60242}.Release|Any CPU.Build.0 = Release|Any CPU
	EndGlobalSection
EndGlobal
